
Microsoft Visual Studio Solution File, Format Version 12.00
# Visual Studio 15
VisualStudioVersion = 15.0.33026.149
MinimumVisualStudioVersion = 10.0.40219.1
Project("{FAE04EC0-301F-11D3-BF4B-00C04F79EFBC}") = "CRC_Sample", "CRC_Sample\CRC_Sample.csproj", "{D0165FA9-6530-4728-95B9-162D238C15A4}"
EndProject
Global
	GlobalSection(SolutionConfigurationPlatforms) = preSolution
		Debug|Any CPU = Debug|Any CPU
		Release|Any CPU = Release|Any CPU
	EndGlobalSection
	GlobalSection(ProjectConfigurationPlatforms) = postSolution
		{D0165FA9-6530-4728-95B9-162D238C15A4}.Debug|Any CPU.ActiveCfg = Debug|Any CPU
		{D0165FA9-6530-4728-95B9-162D238C15A4}.Debug|Any CPU.Build.0 = Debug|Any CPU
		{D0165FA9-6530-4728-95B9-162D238C15A4}.Release|Any CPU.ActiveCfg = Release|Any CPU
		{D0165FA9-6530-4728-95B9-162D238C15A4}.Release|Any CPU.Build.0 = Release|Any CPU
	EndGlobalSection
	GlobalSection(SolutionProperties) = preSolution
		HideSolutionNode = FALSE
	EndGlobalSection
	GlobalSection(ExtensibilityGlobals) = postSolution
		SolutionGuid = {AD608349-0DE0-4D5D-AE20-256EC368FCF9}
	EndGlobalSection
EndGlobal
